
Microsoft Visual Studio Solution File, Format Version 12.00
Project("{FAE04EC0-301F-11D3-BF4B-00C04F79EFBC}") = "Nox.Core", "Nox.Core\Nox.Core.csproj", "{00E159E9-EDE3-4FB6-8524-CEA4D593A021}"
EndProject
Project("{FAE04EC0-301F-11D3-BF4B-00C04F79EFBC}") = "Nox.Lib", "Nox.Lib\Nox.Lib.csproj", "{7933F156-8994-46D4-B1D2-25C389AD4C84}"
EndProject
Project("{FAE04EC0-301F-11D3-BF4B-00C04F79EFBC}") = "Nox.Api", "Nox.Api\Nox.Api.csproj", "{A316C289-EBD6-4027-BC36-2617D82BE654}"
EndProject
Project("{FAE04EC0-301F-11D3-BF4B-00C04F79EFBC}") = "Nox.Data", "Nox.Data\Nox.Data.csproj", "{E344EAD1-F052-4749-94AB-54E023567D60}"
EndProject
Project("{FAE04EC0-301F-11D3-BF4B-00C04F79EFBC}") = "Nox.Etl", "Nox.Etl\Nox.Etl.csproj", "{847D4025-A452-402E-B196-B189F48DE567}"
EndProject
Project("{FAE04EC0-301F-11D3-BF4B-00C04F79EFBC}") = "Nox.Entity.XtendedAttributes", "Nox.Entity.XtendedAttributes\Nox.Entity.XtendedAttributes.csproj", "{CF39B37A-CEB6-4DFD-B6FA-5F68CE49A1BA}"
EndProject
Project("{FAE04EC0-301F-11D3-BF4B-00C04F79EFBC}") = "Nox.Messaging", "Nox.Messaging\Nox.Messaging.csproj", "{59DE3C36-18AE-407A-8D3F-AE3CC4105037}"
EndProject
Project("{FAE04EC0-301F-11D3-BF4B-00C04F79EFBC}") = "Nox.Api.OData", "Nox.Api.OData\Nox.Api.OData.csproj", "{8132FE55-0AB1-4E05-B5AE-24F6092500B9}"
EndProject
Project("{FAE04EC0-301F-11D3-BF4B-00C04F79EFBC}") = "Nox.Messaging.RabbitMQ", "Nox.Messaging.RabbitMQ\Nox.Messaging.RabbitMQ.csproj", "{5A63882D-91E7-49BC-8A88-5714021B5576}"
EndProject
Project("{FAE04EC0-301F-11D3-BF4B-00C04F79EFBC}") = "Nox.Messaging.AzureServiceBus", "Nox.Messaging.AzureServiceBus\Nox.Messaging.AzureServiceBus.csproj", "{D67AE428-CBE3-4309-AF3D-057C088F592C}"
EndProject
Project("{FAE04EC0-301F-11D3-BF4B-00C04F79EFBC}") = "Nox.Messaging.AmazonSQS", "Nox.Messaging.AmazonSQS\Nox.Messaging.AmazonSQS.csproj", "{137EE853-14B0-4992-B19A-B10386B64A8E}"
EndProject
Project("{FAE04EC0-301F-11D3-BF4B-00C04F79EFBC}") = "Nox.Jobs", "Nox.Jobs\Nox.Jobs.csproj", "{EFF2A2C6-AC21-42DF-80E5-F93046DA6AF0}"
EndProject
Project("{FAE04EC0-301F-11D3-BF4B-00C04F79EFBC}") = "Nox.Data.SqlServer", "Nox.Data.SqlServer\Nox.Data.SqlServer.csproj", "{AA19957F-EDD7-4C4F-966C-CA6244C3DB33}"
EndProject
Project("{FAE04EC0-301F-11D3-BF4B-00C04F79EFBC}") = "Nox.Data.Postgres", "Nox.Data.Postgres\Nox.Data.Postgres.csproj", "{498787C9-7ECD-4E0B-B665-1A302E7ECB0F}"
EndProject
Project("{FAE04EC0-301F-11D3-BF4B-00C04F79EFBC}") = "Nox.Data.MySql", "Nox.Data.MySql\Nox.Data.MySql.csproj", "{E62EA120-48F0-400B-AC52-D5FF4548E452}"
EndProject
Project("{2150E333-8FDC-42A3-9474-1A3956D46DE8}") = "src", "src", "{6DDB50CD-A458-406F-935F-83F4C494D834}"
EndProject
Project("{2150E333-8FDC-42A3-9474-1A3956D46DE8}") = "tests", "tests", "{CD78A5E9-7064-4F89-87A6-2A0294D73303}"
EndProject
Project("{2150E333-8FDC-42A3-9474-1A3956D46DE8}") = "samples", "samples", "{4B08A064-11BA-4885-94F2-BAAC6A4DBB81}"
EndProject
Project("{FAE04EC0-301F-11D3-BF4B-00C04F79EFBC}") = "Nox.Core.Tests", "..\tests\Nox.Core.Tests\Nox.Core.Tests.csproj", "{3EB5F61C-2B39-4893-BFB0-BB25CEA41CE7}"
EndProject
Project("{FAE04EC0-301F-11D3-BF4B-00C04F79EFBC}") = "Nox.Data.Tests", "..\tests\Nox.Data.Tests\Nox.Data.Tests.csproj", "{89724B85-F454-4079-BC64-7402FF4D4537}"
EndProject
Project("{FAE04EC0-301F-11D3-BF4B-00C04F79EFBC}") = "Nox.Etl.Tests", "..\tests\Nox.Etl.Tests\Nox.Etl.Tests.csproj", "{A2060094-84D5-4AF8-A621-CDBBBEF260B3}"
EndProject
Project("{FAE04EC0-301F-11D3-BF4B-00C04F79EFBC}") = "Nox.TestFixtures", "..\tests\Nox.TestFixtures\Nox.TestFixtures.csproj", "{5F1D3FD4-2796-4AD2-A04D-F49E73B10FAF}"
EndProject
Project("{FAE04EC0-301F-11D3-BF4B-00C04F79EFBC}") = "Samples.Api", "..\samples\Samples.Api\Samples.Api.csproj", "{A8E6618A-19E9-45D9-8A0B-B02C351A571E}"
EndProject
Project("{FAE04EC0-301F-11D3-BF4B-00C04F79EFBC}") = "Samples.Cli", "..\samples\Samples.Cli\Samples.Cli.csproj", "{28A67C53-B4FE-42F7-9705-92F62D51AD51}"
EndProject
Project("{FAE04EC0-301F-11D3-BF4B-00C04F79EFBC}") = "Nox.Generator.TestFixture", "..\tests\Nox.Generator.TestFixture\Nox.Generator.TestFixture.csproj", "{C831ACF0-6750-4D7E-AB0E-8561C3814210}"
EndProject
Project("{FAE04EC0-301F-11D3-BF4B-00C04F79EFBC}") = "Nox.Generator.Tests", "..\tests\Nox.Generator.Tests\Nox.Generator.Tests.csproj", "{D20B6E65-70FA-4492-9AD4-15E0EB4ADB99}"
EndProject
Project("{FAE04EC0-301F-11D3-BF4B-00C04F79EFBC}") = "Nox.Messaging.Tests", "..\tests\Nox.Messaging.Tests\Nox.Messaging.Tests.csproj", "{25463D7F-AFA9-4E4D-9F2A-C9E6F6D0BD21}"
EndProject
Project("{FAE04EC0-301F-11D3-BF4B-00C04F79EFBC}") = "Nox.Generator", "Nox.Generator\Nox.Generator.csproj", "{6AD448DE-288C-469D-8717-BE0AB6FE93B8}"
EndProject
Global
	GlobalSection(SolutionConfigurationPlatforms) = preSolution
		Debug|Any CPU = Debug|Any CPU
		Release|Any CPU = Release|Any CPU
	EndGlobalSection
	GlobalSection(ProjectConfigurationPlatforms) = postSolution
		{00E159E9-EDE3-4FB6-8524-CEA4D593A021}.Debug|Any CPU.ActiveCfg = Debug|Any CPU
		{00E159E9-EDE3-4FB6-8524-CEA4D593A021}.Debug|Any CPU.Build.0 = Debug|Any CPU
		{00E159E9-EDE3-4FB6-8524-CEA4D593A021}.Release|Any CPU.ActiveCfg = Release|Any CPU
		{00E159E9-EDE3-4FB6-8524-CEA4D593A021}.Release|Any CPU.Build.0 = Release|Any CPU
		{7933F156-8994-46D4-B1D2-25C389AD4C84}.Debug|Any CPU.ActiveCfg = Debug|Any CPU
		{7933F156-8994-46D4-B1D2-25C389AD4C84}.Debug|Any CPU.Build.0 = Debug|Any CPU
		{7933F156-8994-46D4-B1D2-25C389AD4C84}.Release|Any CPU.ActiveCfg = Release|Any CPU
		{7933F156-8994-46D4-B1D2-25C389AD4C84}.Release|Any CPU.Build.0 = Release|Any CPU
		{A316C289-EBD6-4027-BC36-2617D82BE654}.Debug|Any CPU.ActiveCfg = Debug|Any CPU
		{A316C289-EBD6-4027-BC36-2617D82BE654}.Debug|Any CPU.Build.0 = Debug|Any CPU
		{A316C289-EBD6-4027-BC36-2617D82BE654}.Release|Any CPU.ActiveCfg = Release|Any CPU
		{A316C289-EBD6-4027-BC36-2617D82BE654}.Release|Any CPU.Build.0 = Release|Any CPU
		{E344EAD1-F052-4749-94AB-54E023567D60}.Debug|Any CPU.ActiveCfg = Debug|Any CPU
		{E344EAD1-F052-4749-94AB-54E023567D60}.Debug|Any CPU.Build.0 = Debug|Any CPU
		{E344EAD1-F052-4749-94AB-54E023567D60}.Release|Any CPU.ActiveCfg = Release|Any CPU
		{E344EAD1-F052-4749-94AB-54E023567D60}.Release|Any CPU.Build.0 = Release|Any CPU
		{847D4025-A452-402E-B196-B189F48DE567}.Debug|Any CPU.ActiveCfg = Debug|Any CPU
		{847D4025-A452-402E-B196-B189F48DE567}.Debug|Any CPU.Build.0 = Debug|Any CPU
		{847D4025-A452-402E-B196-B189F48DE567}.Release|Any CPU.ActiveCfg = Release|Any CPU
		{847D4025-A452-402E-B196-B189F48DE567}.Release|Any CPU.Build.0 = Release|Any CPU
		{CF39B37A-CEB6-4DFD-B6FA-5F68CE49A1BA}.Debug|Any CPU.ActiveCfg = Debug|Any CPU
		{CF39B37A-CEB6-4DFD-B6FA-5F68CE49A1BA}.Debug|Any CPU.Build.0 = Debug|Any CPU
		{CF39B37A-CEB6-4DFD-B6FA-5F68CE49A1BA}.Release|Any CPU.ActiveCfg = Release|Any CPU
		{CF39B37A-CEB6-4DFD-B6FA-5F68CE49A1BA}.Release|Any CPU.Build.0 = Release|Any CPU
		{59DE3C36-18AE-407A-8D3F-AE3CC4105037}.Debug|Any CPU.ActiveCfg = Debug|Any CPU
		{59DE3C36-18AE-407A-8D3F-AE3CC4105037}.Debug|Any CPU.Build.0 = Debug|Any CPU
		{59DE3C36-18AE-407A-8D3F-AE3CC4105037}.Release|Any CPU.ActiveCfg = Release|Any CPU
		{59DE3C36-18AE-407A-8D3F-AE3CC4105037}.Release|Any CPU.Build.0 = Release|Any CPU
		{8132FE55-0AB1-4E05-B5AE-24F6092500B9}.Debug|Any CPU.ActiveCfg = Debug|Any CPU
		{8132FE55-0AB1-4E05-B5AE-24F6092500B9}.Debug|Any CPU.Build.0 = Debug|Any CPU
		{8132FE55-0AB1-4E05-B5AE-24F6092500B9}.Release|Any CPU.ActiveCfg = Release|Any CPU
		{8132FE55-0AB1-4E05-B5AE-24F6092500B9}.Release|Any CPU.Build.0 = Release|Any CPU
		{5A63882D-91E7-49BC-8A88-5714021B5576}.Debug|Any CPU.ActiveCfg = Debug|Any CPU
		{5A63882D-91E7-49BC-8A88-5714021B5576}.Debug|Any CPU.Build.0 = Debug|Any CPU
		{5A63882D-91E7-49BC-8A88-5714021B5576}.Release|Any CPU.ActiveCfg = Release|Any CPU
		{5A63882D-91E7-49BC-8A88-5714021B5576}.Release|Any CPU.Build.0 = Release|Any CPU
		{D67AE428-CBE3-4309-AF3D-057C088F592C}.Debug|Any CPU.ActiveCfg = Debug|Any CPU
		{D67AE428-CBE3-4309-AF3D-057C088F592C}.Debug|Any CPU.Build.0 = Debug|Any CPU
		{D67AE428-CBE3-4309-AF3D-057C088F592C}.Release|Any CPU.ActiveCfg = Release|Any CPU
		{D67AE428-CBE3-4309-AF3D-057C088F592C}.Release|Any CPU.Build.0 = Release|Any CPU
		{137EE853-14B0-4992-B19A-B10386B64A8E}.Debug|Any CPU.ActiveCfg = Debug|Any CPU
		{137EE853-14B0-4992-B19A-B10386B64A8E}.Debug|Any CPU.Build.0 = Debug|Any CPU
		{137EE853-14B0-4992-B19A-B10386B64A8E}.Release|Any CPU.ActiveCfg = Release|Any CPU
		{137EE853-14B0-4992-B19A-B10386B64A8E}.Release|Any CPU.Build.0 = Release|Any CPU
		{EFF2A2C6-AC21-42DF-80E5-F93046DA6AF0}.Debug|Any CPU.ActiveCfg = Debug|Any CPU
		{EFF2A2C6-AC21-42DF-80E5-F93046DA6AF0}.Debug|Any CPU.Build.0 = Debug|Any CPU
		{EFF2A2C6-AC21-42DF-80E5-F93046DA6AF0}.Release|Any CPU.ActiveCfg = Release|Any CPU
		{EFF2A2C6-AC21-42DF-80E5-F93046DA6AF0}.Release|Any CPU.Build.0 = Release|Any CPU
		{AA19957F-EDD7-4C4F-966C-CA6244C3DB33}.Debug|Any CPU.ActiveCfg = Debug|Any CPU
		{AA19957F-EDD7-4C4F-966C-CA6244C3DB33}.Debug|Any CPU.Build.0 = Debug|Any CPU
		{AA19957F-EDD7-4C4F-966C-CA6244C3DB33}.Release|Any CPU.ActiveCfg = Release|Any CPU
		{AA19957F-EDD7-4C4F-966C-CA6244C3DB33}.Release|Any CPU.Build.0 = Release|Any CPU
		{498787C9-7ECD-4E0B-B665-1A302E7ECB0F}.Debug|Any CPU.ActiveCfg = Debug|Any CPU
		{498787C9-7ECD-4E0B-B665-1A302E7ECB0F}.Debug|Any CPU.Build.0 = Debug|Any CPU
		{498787C9-7ECD-4E0B-B665-1A302E7ECB0F}.Release|Any CPU.ActiveCfg = Release|Any CPU
		{498787C9-7ECD-4E0B-B665-1A302E7ECB0F}.Release|Any CPU.Build.0 = Release|Any CPU
		{E62EA120-48F0-400B-AC52-D5FF4548E452}.Debug|Any CPU.ActiveCfg = Debug|Any CPU
		{E62EA120-48F0-400B-AC52-D5FF4548E452}.Debug|Any CPU.Build.0 = Debug|Any CPU
		{E62EA120-48F0-400B-AC52-D5FF4548E452}.Release|Any CPU.ActiveCfg = Release|Any CPU
		{E62EA120-48F0-400B-AC52-D5FF4548E452}.Release|Any CPU.Build.0 = Release|Any CPU
		{3EB5F61C-2B39-4893-BFB0-BB25CEA41CE7}.Debug|Any CPU.ActiveCfg = Debug|Any CPU
		{3EB5F61C-2B39-4893-BFB0-BB25CEA41CE7}.Debug|Any CPU.Build.0 = Debug|Any CPU
		{3EB5F61C-2B39-4893-BFB0-BB25CEA41CE7}.Release|Any CPU.ActiveCfg = Release|Any CPU
		{3EB5F61C-2B39-4893-BFB0-BB25CEA41CE7}.Release|Any CPU.Build.0 = Release|Any CPU
		{89724B85-F454-4079-BC64-7402FF4D4537}.Debug|Any CPU.ActiveCfg = Debug|Any CPU
		{89724B85-F454-4079-BC64-7402FF4D4537}.Debug|Any CPU.Build.0 = Debug|Any CPU
		{89724B85-F454-4079-BC64-7402FF4D4537}.Release|Any CPU.ActiveCfg = Release|Any CPU
		{89724B85-F454-4079-BC64-7402FF4D4537}.Release|Any CPU.Build.0 = Release|Any CPU
		{A2060094-84D5-4AF8-A621-CDBBBEF260B3}.Debug|Any CPU.ActiveCfg = Debug|Any CPU
		{A2060094-84D5-4AF8-A621-CDBBBEF260B3}.Debug|Any CPU.Build.0 = Debug|Any CPU
		{A2060094-84D5-4AF8-A621-CDBBBEF260B3}.Release|Any CPU.ActiveCfg = Release|Any CPU
		{A2060094-84D5-4AF8-A621-CDBBBEF260B3}.Release|Any CPU.Build.0 = Release|Any CPU
		{5F1D3FD4-2796-4AD2-A04D-F49E73B10FAF}.Debug|Any CPU.ActiveCfg = Debug|Any CPU
		{5F1D3FD4-2796-4AD2-A04D-F49E73B10FAF}.Debug|Any CPU.Build.0 = Debug|Any CPU
		{5F1D3FD4-2796-4AD2-A04D-F49E73B10FAF}.Release|Any CPU.ActiveCfg = Release|Any CPU
		{5F1D3FD4-2796-4AD2-A04D-F49E73B10FAF}.Release|Any CPU.Build.0 = Release|Any CPU
		{A8E6618A-19E9-45D9-8A0B-B02C351A571E}.Debug|Any CPU.ActiveCfg = Debug|Any CPU
		{A8E6618A-19E9-45D9-8A0B-B02C351A571E}.Debug|Any CPU.Build.0 = Debug|Any CPU
		{A8E6618A-19E9-45D9-8A0B-B02C351A571E}.Release|Any CPU.ActiveCfg = Release|Any CPU
		{A8E6618A-19E9-45D9-8A0B-B02C351A571E}.Release|Any CPU.Build.0 = Release|Any CPU
		{28A67C53-B4FE-42F7-9705-92F62D51AD51}.Debug|Any CPU.ActiveCfg = Debug|Any CPU
		{28A67C53-B4FE-42F7-9705-92F62D51AD51}.Debug|Any CPU.Build.0 = Debug|Any CPU
		{28A67C53-B4FE-42F7-9705-92F62D51AD51}.Release|Any CPU.ActiveCfg = Release|Any CPU
		{28A67C53-B4FE-42F7-9705-92F62D51AD51}.Release|Any CPU.Build.0 = Release|Any CPU
		{C831ACF0-6750-4D7E-AB0E-8561C3814210}.Debug|Any CPU.ActiveCfg = Debug|Any CPU
		{C831ACF0-6750-4D7E-AB0E-8561C3814210}.Debug|Any CPU.Build.0 = Debug|Any CPU
		{C831ACF0-6750-4D7E-AB0E-8561C3814210}.Release|Any CPU.ActiveCfg = Release|Any CPU
		{C831ACF0-6750-4D7E-AB0E-8561C3814210}.Release|Any CPU.Build.0 = Release|Any CPU
		{D20B6E65-70FA-4492-9AD4-15E0EB4ADB99}.Debug|Any CPU.ActiveCfg = Debug|Any CPU
		{D20B6E65-70FA-4492-9AD4-15E0EB4ADB99}.Debug|Any CPU.Build.0 = Debug|Any CPU
		{D20B6E65-70FA-4492-9AD4-15E0EB4ADB99}.Release|Any CPU.ActiveCfg = Release|Any CPU
		{D20B6E65-70FA-4492-9AD4-15E0EB4ADB99}.Release|Any CPU.Build.0 = Release|Any CPU
		{25463D7F-AFA9-4E4D-9F2A-C9E6F6D0BD21}.Debug|Any CPU.ActiveCfg = Debug|Any CPU
		{25463D7F-AFA9-4E4D-9F2A-C9E6F6D0BD21}.Debug|Any CPU.Build.0 = Debug|Any CPU
		{25463D7F-AFA9-4E4D-9F2A-C9E6F6D0BD21}.Release|Any CPU.ActiveCfg = Release|Any CPU
		{25463D7F-AFA9-4E4D-9F2A-C9E6F6D0BD21}.Release|Any CPU.Build.0 = Release|Any CPU
		{6AD448DE-288C-469D-8717-BE0AB6FE93B8}.Debug|Any CPU.ActiveCfg = Debug|Any CPU
		{6AD448DE-288C-469D-8717-BE0AB6FE93B8}.Debug|Any CPU.Build.0 = Debug|Any CPU
		{6AD448DE-288C-469D-8717-BE0AB6FE93B8}.Release|Any CPU.ActiveCfg = Release|Any CPU
		{6AD448DE-288C-469D-8717-BE0AB6FE93B8}.Release|Any CPU.Build.0 = Release|Any CPU
	EndGlobalSection
	GlobalSection(NestedProjects) = preSolution
		{A316C289-EBD6-4027-BC36-2617D82BE654} = {6DDB50CD-A458-406F-935F-83F4C494D834}
		{8132FE55-0AB1-4E05-B5AE-24F6092500B9} = {6DDB50CD-A458-406F-935F-83F4C494D834}
		{00E159E9-EDE3-4FB6-8524-CEA4D593A021} = {6DDB50CD-A458-406F-935F-83F4C494D834}
		{E344EAD1-F052-4749-94AB-54E023567D60} = {6DDB50CD-A458-406F-935F-83F4C494D834}
		{E62EA120-48F0-400B-AC52-D5FF4548E452} = {6DDB50CD-A458-406F-935F-83F4C494D834}
		{498787C9-7ECD-4E0B-B665-1A302E7ECB0F} = {6DDB50CD-A458-406F-935F-83F4C494D834}
		{AA19957F-EDD7-4C4F-966C-CA6244C3DB33} = {6DDB50CD-A458-406F-935F-83F4C494D834}
		{CF39B37A-CEB6-4DFD-B6FA-5F68CE49A1BA} = {6DDB50CD-A458-406F-935F-83F4C494D834}
		{847D4025-A452-402E-B196-B189F48DE567} = {6DDB50CD-A458-406F-935F-83F4C494D834}
		{EFF2A2C6-AC21-42DF-80E5-F93046DA6AF0} = {6DDB50CD-A458-406F-935F-83F4C494D834}
		{59DE3C36-18AE-407A-8D3F-AE3CC4105037} = {6DDB50CD-A458-406F-935F-83F4C494D834}
		{137EE853-14B0-4992-B19A-B10386B64A8E} = {6DDB50CD-A458-406F-935F-83F4C494D834}
		{D67AE428-CBE3-4309-AF3D-057C088F592C} = {6DDB50CD-A458-406F-935F-83F4C494D834}
		{5A63882D-91E7-49BC-8A88-5714021B5576} = {6DDB50CD-A458-406F-935F-83F4C494D834}
		{7933F156-8994-46D4-B1D2-25C389AD4C84} = {6DDB50CD-A458-406F-935F-83F4C494D834}
		{3EB5F61C-2B39-4893-BFB0-BB25CEA41CE7} = {CD78A5E9-7064-4F89-87A6-2A0294D73303}
		{89724B85-F454-4079-BC64-7402FF4D4537} = {CD78A5E9-7064-4F89-87A6-2A0294D73303}
		{A2060094-84D5-4AF8-A621-CDBBBEF260B3} = {CD78A5E9-7064-4F89-87A6-2A0294D73303}
		{5F1D3FD4-2796-4AD2-A04D-F49E73B10FAF} = {CD78A5E9-7064-4F89-87A6-2A0294D73303}
		{A8E6618A-19E9-45D9-8A0B-B02C351A571E} = {4B08A064-11BA-4885-94F2-BAAC6A4DBB81}
		{28A67C53-B4FE-42F7-9705-92F62D51AD51} = {4B08A064-11BA-4885-94F2-BAAC6A4DBB81}
		{C831ACF0-6750-4D7E-AB0E-8561C3814210} = {CD78A5E9-7064-4F89-87A6-2A0294D73303}
		{D20B6E65-70FA-4492-9AD4-15E0EB4ADB99} = {CD78A5E9-7064-4F89-87A6-2A0294D73303}
		{25463D7F-AFA9-4E4D-9F2A-C9E6F6D0BD21} = {CD78A5E9-7064-4F89-87A6-2A0294D73303}
		{6AD448DE-288C-469D-8717-BE0AB6FE93B8} = {6DDB50CD-A458-406F-935F-83F4C494D834}
	EndGlobalSection
EndGlobal
