
Microsoft Visual Studio Solution File, Format Version 12.00
# Visual Studio Version 17
VisualStudioVersion = 17.0.31903.59
MinimumVisualStudioVersion = 10.0.40219.1
Project("{9A19103F-16F7-4668-BE54-9A1E7A4F7556}") = "Nox.Cli", "Nox.Cli\Nox.Cli.csproj", "{4DC036B3-EE95-4436-8B22-46E5FA67DFD4}"
	ProjectSection(ProjectDependencies) = postProject
		{808878CA-E4D7-42E8-9D60-CF1B8F46132B} = {808878CA-E4D7-42E8-9D60-CF1B8F46132B}
	EndProjectSection
EndProject
Project("{9A19103F-16F7-4668-BE54-9A1E7A4F7556}") = "Nox.Dynamic", "Nox.Dynamic\Nox.Dynamic.csproj", "{E9748362-64C3-4F5B-ACF9-82495DF4B924}"
EndProject
Project("{9A19103F-16F7-4668-BE54-9A1E7A4F7556}") = "My.Api", "My.Api\My.Api.csproj", "{D7A453F1-57AC-4CE9-8946-21714C1CFEEE}"
EndProject
Project("{9A19103F-16F7-4668-BE54-9A1E7A4F7556}") = "Nox.Dynamic.Analyzer", "Nox.Dynamic.Analyzer\Nox.Dynamic.Analyzer.csproj", "{808878CA-E4D7-42E8-9D60-CF1B8F46132B}"
EndProject
Project("{9A19103F-16F7-4668-BE54-9A1E7A4F7556}") = "Nox", "Nox\Nox.csproj", "{E7B3F3FC-2488-41A9-BD5C-D4F020E3B625}"
EndProject
Project("{9A19103F-16F7-4668-BE54-9A1E7A4F7556}") = "Nox.Configuration", "Nox.Configuration\Nox.Configuration.csproj", "{CBCD0ED3-054A-4C30-988A-684221D7D1E5}"
EndProject
Project("{9A19103F-16F7-4668-BE54-9A1E7A4F7556}") = "Nox.Abstractions", "Nox.Abstractions\Nox.Abstractions.csproj", "{C12301C8-E8B5-4412-A4EE-F14D70309BC2}"
EndProject
Project("{9A19103F-16F7-4668-BE54-9A1E7A4F7556}") = "Nox.Api.OData", "Nox.Api.OData\Nox.Api.OData.csproj", "{87CC071E-E44D-458C-8E45-836D777AC3EA}"
EndProject
Project("{9A19103F-16F7-4668-BE54-9A1E7A4F7556}") = "Nox.Data", "Nox.Data\Nox.Data.csproj", "{07C502E6-1F58-41CD-94D8-185276648EA9}"
EndProject
Global
	GlobalSection(SolutionConfigurationPlatforms) = preSolution
		DebNoLic|Any CPU = DebNoLic|Any CPU
		Debug|Any CPU = Debug|Any CPU
		Release|Any CPU = Release|Any CPU
		RelNoLic|Any CPU = RelNoLic|Any CPU
	EndGlobalSection
	GlobalSection(ProjectConfigurationPlatforms) = postSolution
		{4DC036B3-EE95-4436-8B22-46E5FA67DFD4}.DebNoLic|Any CPU.ActiveCfg = Debug|Any CPU
		{4DC036B3-EE95-4436-8B22-46E5FA67DFD4}.DebNoLic|Any CPU.Build.0 = Debug|Any CPU
		{4DC036B3-EE95-4436-8B22-46E5FA67DFD4}.Debug|Any CPU.ActiveCfg = Debug|Any CPU
		{4DC036B3-EE95-4436-8B22-46E5FA67DFD4}.Debug|Any CPU.Build.0 = Debug|Any CPU
		{4DC036B3-EE95-4436-8B22-46E5FA67DFD4}.Release|Any CPU.ActiveCfg = Release|Any CPU
		{4DC036B3-EE95-4436-8B22-46E5FA67DFD4}.Release|Any CPU.Build.0 = Release|Any CPU
		{4DC036B3-EE95-4436-8B22-46E5FA67DFD4}.RelNoLic|Any CPU.ActiveCfg = Release|Any CPU
		{4DC036B3-EE95-4436-8B22-46E5FA67DFD4}.RelNoLic|Any CPU.Build.0 = Release|Any CPU
		{E9748362-64C3-4F5B-ACF9-82495DF4B924}.DebNoLic|Any CPU.ActiveCfg = Debug|Any CPU
		{E9748362-64C3-4F5B-ACF9-82495DF4B924}.DebNoLic|Any CPU.Build.0 = Debug|Any CPU
		{E9748362-64C3-4F5B-ACF9-82495DF4B924}.Debug|Any CPU.ActiveCfg = Debug|Any CPU
		{E9748362-64C3-4F5B-ACF9-82495DF4B924}.Debug|Any CPU.Build.0 = Debug|Any CPU
		{E9748362-64C3-4F5B-ACF9-82495DF4B924}.Release|Any CPU.ActiveCfg = Release|Any CPU
		{E9748362-64C3-4F5B-ACF9-82495DF4B924}.Release|Any CPU.Build.0 = Release|Any CPU
		{E9748362-64C3-4F5B-ACF9-82495DF4B924}.RelNoLic|Any CPU.ActiveCfg = Release|Any CPU
		{E9748362-64C3-4F5B-ACF9-82495DF4B924}.RelNoLic|Any CPU.Build.0 = Release|Any CPU
		{D7A453F1-57AC-4CE9-8946-21714C1CFEEE}.DebNoLic|Any CPU.ActiveCfg = Debug|Any CPU
		{D7A453F1-57AC-4CE9-8946-21714C1CFEEE}.DebNoLic|Any CPU.Build.0 = Debug|Any CPU
		{D7A453F1-57AC-4CE9-8946-21714C1CFEEE}.Debug|Any CPU.ActiveCfg = Debug|Any CPU
		{D7A453F1-57AC-4CE9-8946-21714C1CFEEE}.Debug|Any CPU.Build.0 = Debug|Any CPU
		{D7A453F1-57AC-4CE9-8946-21714C1CFEEE}.Release|Any CPU.ActiveCfg = Release|Any CPU
		{D7A453F1-57AC-4CE9-8946-21714C1CFEEE}.Release|Any CPU.Build.0 = Release|Any CPU
		{D7A453F1-57AC-4CE9-8946-21714C1CFEEE}.RelNoLic|Any CPU.ActiveCfg = Release|Any CPU
		{D7A453F1-57AC-4CE9-8946-21714C1CFEEE}.RelNoLic|Any CPU.Build.0 = Release|Any CPU
		{808878CA-E4D7-42E8-9D60-CF1B8F46132B}.DebNoLic|Any CPU.ActiveCfg = Debug|Any CPU
		{808878CA-E4D7-42E8-9D60-CF1B8F46132B}.DebNoLic|Any CPU.Build.0 = Debug|Any CPU
		{808878CA-E4D7-42E8-9D60-CF1B8F46132B}.Debug|Any CPU.ActiveCfg = Debug|Any CPU
		{808878CA-E4D7-42E8-9D60-CF1B8F46132B}.Debug|Any CPU.Build.0 = Debug|Any CPU
		{808878CA-E4D7-42E8-9D60-CF1B8F46132B}.Release|Any CPU.ActiveCfg = Release|Any CPU
		{808878CA-E4D7-42E8-9D60-CF1B8F46132B}.Release|Any CPU.Build.0 = Release|Any CPU
		{808878CA-E4D7-42E8-9D60-CF1B8F46132B}.RelNoLic|Any CPU.ActiveCfg = Release|Any CPU
		{808878CA-E4D7-42E8-9D60-CF1B8F46132B}.RelNoLic|Any CPU.Build.0 = Release|Any CPU
		{E7B3F3FC-2488-41A9-BD5C-D4F020E3B625}.DebNoLic|Any CPU.ActiveCfg = Debug|Any CPU
		{E7B3F3FC-2488-41A9-BD5C-D4F020E3B625}.DebNoLic|Any CPU.Build.0 = Debug|Any CPU
		{E7B3F3FC-2488-41A9-BD5C-D4F020E3B625}.Debug|Any CPU.ActiveCfg = Debug|Any CPU
		{E7B3F3FC-2488-41A9-BD5C-D4F020E3B625}.Debug|Any CPU.Build.0 = Debug|Any CPU
		{E7B3F3FC-2488-41A9-BD5C-D4F020E3B625}.Release|Any CPU.ActiveCfg = Release|Any CPU
		{E7B3F3FC-2488-41A9-BD5C-D4F020E3B625}.Release|Any CPU.Build.0 = Release|Any CPU
		{E7B3F3FC-2488-41A9-BD5C-D4F020E3B625}.RelNoLic|Any CPU.ActiveCfg = Release|Any CPU
		{E7B3F3FC-2488-41A9-BD5C-D4F020E3B625}.RelNoLic|Any CPU.Build.0 = Release|Any CPU
		{CBCD0ED3-054A-4C30-988A-684221D7D1E5}.DebNoLic|Any CPU.ActiveCfg = Debug|Any CPU
		{CBCD0ED3-054A-4C30-988A-684221D7D1E5}.DebNoLic|Any CPU.Build.0 = Debug|Any CPU
		{CBCD0ED3-054A-4C30-988A-684221D7D1E5}.Debug|Any CPU.ActiveCfg = Debug|Any CPU
		{CBCD0ED3-054A-4C30-988A-684221D7D1E5}.Debug|Any CPU.Build.0 = Debug|Any CPU
		{CBCD0ED3-054A-4C30-988A-684221D7D1E5}.Release|Any CPU.ActiveCfg = Release|Any CPU
		{CBCD0ED3-054A-4C30-988A-684221D7D1E5}.Release|Any CPU.Build.0 = Release|Any CPU
		{CBCD0ED3-054A-4C30-988A-684221D7D1E5}.RelNoLic|Any CPU.ActiveCfg = Release|Any CPU
		{CBCD0ED3-054A-4C30-988A-684221D7D1E5}.RelNoLic|Any CPU.Build.0 = Release|Any CPU
		{C12301C8-E8B5-4412-A4EE-F14D70309BC2}.DebNoLic|Any CPU.ActiveCfg = Debug|Any CPU
		{C12301C8-E8B5-4412-A4EE-F14D70309BC2}.DebNoLic|Any CPU.Build.0 = Debug|Any CPU
		{C12301C8-E8B5-4412-A4EE-F14D70309BC2}.Debug|Any CPU.ActiveCfg = Debug|Any CPU
		{C12301C8-E8B5-4412-A4EE-F14D70309BC2}.Debug|Any CPU.Build.0 = Debug|Any CPU
		{C12301C8-E8B5-4412-A4EE-F14D70309BC2}.Release|Any CPU.ActiveCfg = Release|Any CPU
		{C12301C8-E8B5-4412-A4EE-F14D70309BC2}.Release|Any CPU.Build.0 = Release|Any CPU
		{C12301C8-E8B5-4412-A4EE-F14D70309BC2}.RelNoLic|Any CPU.ActiveCfg = Release|Any CPU
		{C12301C8-E8B5-4412-A4EE-F14D70309BC2}.RelNoLic|Any CPU.Build.0 = Release|Any CPU
		{87CC071E-E44D-458C-8E45-836D777AC3EA}.DebNoLic|Any CPU.ActiveCfg = Debug|Any CPU
		{87CC071E-E44D-458C-8E45-836D777AC3EA}.DebNoLic|Any CPU.Build.0 = Debug|Any CPU
		{87CC071E-E44D-458C-8E45-836D777AC3EA}.Debug|Any CPU.ActiveCfg = Debug|Any CPU
		{87CC071E-E44D-458C-8E45-836D777AC3EA}.Debug|Any CPU.Build.0 = Debug|Any CPU
		{87CC071E-E44D-458C-8E45-836D777AC3EA}.Release|Any CPU.ActiveCfg = Release|Any CPU
		{87CC071E-E44D-458C-8E45-836D777AC3EA}.Release|Any CPU.Build.0 = Release|Any CPU
		{87CC071E-E44D-458C-8E45-836D777AC3EA}.RelNoLic|Any CPU.ActiveCfg = Release|Any CPU
		{87CC071E-E44D-458C-8E45-836D777AC3EA}.RelNoLic|Any CPU.Build.0 = Release|Any CPU
		{07C502E6-1F58-41CD-94D8-185276648EA9}.DebNoLic|Any CPU.ActiveCfg = Debug|Any CPU
		{07C502E6-1F58-41CD-94D8-185276648EA9}.DebNoLic|Any CPU.Build.0 = Debug|Any CPU
		{07C502E6-1F58-41CD-94D8-185276648EA9}.Debug|Any CPU.ActiveCfg = Debug|Any CPU
		{07C502E6-1F58-41CD-94D8-185276648EA9}.Debug|Any CPU.Build.0 = Debug|Any CPU
		{07C502E6-1F58-41CD-94D8-185276648EA9}.Release|Any CPU.ActiveCfg = Release|Any CPU
		{07C502E6-1F58-41CD-94D8-185276648EA9}.Release|Any CPU.Build.0 = Release|Any CPU
		{07C502E6-1F58-41CD-94D8-185276648EA9}.RelNoLic|Any CPU.ActiveCfg = Release|Any CPU
		{07C502E6-1F58-41CD-94D8-185276648EA9}.RelNoLic|Any CPU.Build.0 = Release|Any CPU
	EndGlobalSection
	GlobalSection(SolutionProperties) = preSolution
		HideSolutionNode = FALSE
	EndGlobalSection
	GlobalSection(ExtensibilityGlobals) = postSolution
		SolutionGuid = {8D376D1C-06B7-48BC-90CB-020F1BFBA440}
	EndGlobalSection
EndGlobal
