
Microsoft Visual Studio Solution File, Format Version 12.00
# Visual Studio Version 17
VisualStudioVersion = 17.4.33205.214
MinimumVisualStudioVersion = 10.0.40219.1
Project("{9A19103F-16F7-4668-BE54-9A1E7A4F7556}") = "Nox.Core", "Nox.Core\Nox.Core.csproj", "{00E159E9-EDE3-4FB6-8524-CEA4D593A021}"
EndProject
Project("{9A19103F-16F7-4668-BE54-9A1E7A4F7556}") = "Nox.Lib", "Nox.Lib\Nox.Lib.csproj", "{7933F156-8994-46D4-B1D2-25C389AD4C84}"
EndProject
Project("{9A19103F-16F7-4668-BE54-9A1E7A4F7556}") = "Nox.Api", "Nox.Api\Nox.Api.csproj", "{A316C289-EBD6-4027-BC36-2617D82BE654}"
EndProject
Project("{9A19103F-16F7-4668-BE54-9A1E7A4F7556}") = "Nox.Data", "Nox.Data\Nox.Data.csproj", "{E344EAD1-F052-4749-94AB-54E023567D60}"
EndProject
Project("{9A19103F-16F7-4668-BE54-9A1E7A4F7556}") = "Nox.Etl", "Nox.Etl\Nox.Etl.csproj", "{847D4025-A452-402E-B196-B189F48DE567}"
EndProject
Project("{9A19103F-16F7-4668-BE54-9A1E7A4F7556}") = "Nox.Entity.XtendedAttributes", "Nox.Entity.XtendedAttributes\Nox.Entity.XtendedAttributes.csproj", "{CF39B37A-CEB6-4DFD-B6FA-5F68CE49A1BA}"
EndProject
Project("{9A19103F-16F7-4668-BE54-9A1E7A4F7556}") = "Nox.Messaging", "Nox.Messaging\Nox.Messaging.csproj", "{59DE3C36-18AE-407A-8D3F-AE3CC4105037}"
EndProject
Project("{9A19103F-16F7-4668-BE54-9A1E7A4F7556}") = "Nox.Api.OData", "Nox.Api.OData\Nox.Api.OData.csproj", "{8132FE55-0AB1-4E05-B5AE-24F6092500B9}"
EndProject
Project("{9A19103F-16F7-4668-BE54-9A1E7A4F7556}") = "Nox.Messaging.RabbitMQ", "Nox.Messaging.RabbitMQ\Nox.Messaging.RabbitMQ.csproj", "{5A63882D-91E7-49BC-8A88-5714021B5576}"
EndProject
Project("{9A19103F-16F7-4668-BE54-9A1E7A4F7556}") = "Nox.Messaging.AzureServiceBus", "Nox.Messaging.AzureServiceBus\Nox.Messaging.AzureServiceBus.csproj", "{D67AE428-CBE3-4309-AF3D-057C088F592C}"
EndProject
Project("{9A19103F-16F7-4668-BE54-9A1E7A4F7556}") = "Nox.Messaging.AmazonSQS", "Nox.Messaging.AmazonSQS\Nox.Messaging.AmazonSQS.csproj", "{137EE853-14B0-4992-B19A-B10386B64A8E}"
EndProject
Project("{9A19103F-16F7-4668-BE54-9A1E7A4F7556}") = "Nox.Jobs", "Nox.Jobs\Nox.Jobs.csproj", "{EFF2A2C6-AC21-42DF-80E5-F93046DA6AF0}"
EndProject
Project("{9A19103F-16F7-4668-BE54-9A1E7A4F7556}") = "Nox.Data.SqlServer", "Nox.Data.SqlServer\Nox.Data.SqlServer.csproj", "{AA19957F-EDD7-4C4F-966C-CA6244C3DB33}"
EndProject
Project("{9A19103F-16F7-4668-BE54-9A1E7A4F7556}") = "Nox.Data.Postgres", "Nox.Data.Postgres\Nox.Data.Postgres.csproj", "{498787C9-7ECD-4E0B-B665-1A302E7ECB0F}"
EndProject
Project("{9A19103F-16F7-4668-BE54-9A1E7A4F7556}") = "Nox.Data.MySql", "Nox.Data.MySql\Nox.Data.MySql.csproj", "{E62EA120-48F0-400B-AC52-D5FF4548E452}"
EndProject
Project("{2150E333-8FDC-42A3-9474-1A3956D46DE8}") = "src", "src", "{6DDB50CD-A458-406F-935F-83F4C494D834}"
EndProject
Project("{2150E333-8FDC-42A3-9474-1A3956D46DE8}") = "tests", "tests", "{CD78A5E9-7064-4F89-87A6-2A0294D73303}"
EndProject
Project("{2150E333-8FDC-42A3-9474-1A3956D46DE8}") = "samples", "samples", "{4B08A064-11BA-4885-94F2-BAAC6A4DBB81}"
EndProject
Project("{9A19103F-16F7-4668-BE54-9A1E7A4F7556}") = "Nox.Core.Tests", "..\tests\Nox.Core.Tests\Nox.Core.Tests.csproj", "{3EB5F61C-2B39-4893-BFB0-BB25CEA41CE7}"
EndProject
Project("{9A19103F-16F7-4668-BE54-9A1E7A4F7556}") = "Nox.Data.Tests", "..\tests\Nox.Data.Tests\Nox.Data.Tests.csproj", "{89724B85-F454-4079-BC64-7402FF4D4537}"
EndProject
Project("{9A19103F-16F7-4668-BE54-9A1E7A4F7556}") = "Nox.TestFixtures", "..\tests\Nox.TestFixtures\Nox.TestFixtures.csproj", "{5F1D3FD4-2796-4AD2-A04D-F49E73B10FAF}"
EndProject
Project("{9A19103F-16F7-4668-BE54-9A1E7A4F7556}") = "Samples.Api", "..\samples\Samples.Api\Samples.Api.csproj", "{A8E6618A-19E9-45D9-8A0B-B02C351A571E}"
EndProject
Project("{9A19103F-16F7-4668-BE54-9A1E7A4F7556}") = "Samples.Cli", "..\samples\Samples.Cli\Samples.Cli.csproj", "{28A67C53-B4FE-42F7-9705-92F62D51AD51}"
EndProject
Project("{9A19103F-16F7-4668-BE54-9A1E7A4F7556}") = "Nox.Generator.TestFixture", "..\tests\Nox.Generator.TestFixture\Nox.Generator.TestFixture.csproj", "{C831ACF0-6750-4D7E-AB0E-8561C3814210}"
EndProject
Project("{9A19103F-16F7-4668-BE54-9A1E7A4F7556}") = "Nox.Generator.Tests", "..\tests\Nox.Generator.Tests\Nox.Generator.Tests.csproj", "{D20B6E65-70FA-4492-9AD4-15E0EB4ADB99}"
EndProject
Project("{9A19103F-16F7-4668-BE54-9A1E7A4F7556}") = "Nox.Messaging.Tests", "..\tests\Nox.Messaging.Tests\Nox.Messaging.Tests.csproj", "{25463D7F-AFA9-4E4D-9F2A-C9E6F6D0BD21}"
EndProject
Project("{9A19103F-16F7-4668-BE54-9A1E7A4F7556}") = "Nox.Generator", "Nox.Generator\Nox.Generator.csproj", "{6AD448DE-288C-469D-8717-BE0AB6FE93B8}"
EndProject
Project("{9A19103F-16F7-4668-BE54-9A1E7A4F7556}") = "Nox.Data.Json", "Nox.Data.Json\Nox.Data.Json.csproj", "{DAD7511E-0530-4B1A-B96B-E9A3D82D67FF}"
EndProject
Project("{FAE04EC0-301F-11D3-BF4B-00C04F79EFBC}") = "Nox.Data.SQLite", "Nox.Data.SQLite\Nox.Data.SQLite.csproj", "{DA1F9968-094A-4EC6-ABCA-6E75F77948CD}"
EndProject
Project("{FAE04EC0-301F-11D3-BF4B-00C04F79EFBC}") = "Nox.Etl.DropAndLoad.Tests", "..\tests\Nox.Etl.DropAndLoad.Tests\Nox.Etl.DropAndLoad.Tests.csproj", "{9F9CE6EE-A47D-4079-9412-09ACAF9ADC7B}"
EndProject
Project("{FAE04EC0-301F-11D3-BF4B-00C04F79EFBC}") = "Nox.Etl.MergeNew.Tests", "..\tests\Nox.Etl.MergeNew.Tests\Nox.Etl.MergeNew.Tests.csproj", "{4AD6A270-516E-4ABE-B2A5-77F46FD62950}"
EndProject
Project("{FAE04EC0-301F-11D3-BF4B-00C04F79EFBC}") = "Nox.Data.Csv", "Nox.Data.Csv\Nox.Data.Csv.csproj", "{BE545238-82B0-4538-999B-9396666EB5D4}"
EndProject
Project("{FAE04EC0-301F-11D3-BF4B-00C04F79EFBC}") = "Nox.Data.Excel", "Nox.Data.Excel\Nox.Data.Excel.csproj", "{F68011A9-5333-441F-8CE5-DF41362EEFED}"
EndProject
Project("{FAE04EC0-301F-11D3-BF4B-00C04F79EFBC}") = "Nox.Data.Parquet", "Nox.Data.Parquet\Nox.Data.Parquet.csproj", "{F4A42645-F1A1-45A1-9619-D0EEB61A9508}"
EndProject
Project("{FAE04EC0-301F-11D3-BF4B-00C04F79EFBC}") = "Nox.Data.Xml", "Nox.Data.Xml\Nox.Data.Xml.csproj", "{3C4BF20D-A6D1-46C8-9A22-42DF03C929BC}"
EndProject
Global
	GlobalSection(SolutionConfigurationPlatforms) = preSolution
		DebNoLic|Any CPU = DebNoLic|Any CPU
		Debug|Any CPU = Debug|Any CPU
		Release|Any CPU = Release|Any CPU
		RelNoLic|Any CPU = RelNoLic|Any CPU
	EndGlobalSection
	GlobalSection(ProjectConfigurationPlatforms) = postSolution
		{00E159E9-EDE3-4FB6-8524-CEA4D593A021}.DebNoLic|Any CPU.ActiveCfg = Debug|Any CPU
		{00E159E9-EDE3-4FB6-8524-CEA4D593A021}.DebNoLic|Any CPU.Build.0 = Debug|Any CPU
		{00E159E9-EDE3-4FB6-8524-CEA4D593A021}.Debug|Any CPU.ActiveCfg = Debug|Any CPU
		{00E159E9-EDE3-4FB6-8524-CEA4D593A021}.Debug|Any CPU.Build.0 = Debug|Any CPU
		{00E159E9-EDE3-4FB6-8524-CEA4D593A021}.Release|Any CPU.ActiveCfg = Release|Any CPU
		{00E159E9-EDE3-4FB6-8524-CEA4D593A021}.Release|Any CPU.Build.0 = Release|Any CPU
		{00E159E9-EDE3-4FB6-8524-CEA4D593A021}.RelNoLic|Any CPU.ActiveCfg = Release|Any CPU
		{00E159E9-EDE3-4FB6-8524-CEA4D593A021}.RelNoLic|Any CPU.Build.0 = Release|Any CPU
		{7933F156-8994-46D4-B1D2-25C389AD4C84}.DebNoLic|Any CPU.ActiveCfg = Debug|Any CPU
		{7933F156-8994-46D4-B1D2-25C389AD4C84}.DebNoLic|Any CPU.Build.0 = Debug|Any CPU
		{7933F156-8994-46D4-B1D2-25C389AD4C84}.Debug|Any CPU.ActiveCfg = Debug|Any CPU
		{7933F156-8994-46D4-B1D2-25C389AD4C84}.Debug|Any CPU.Build.0 = Debug|Any CPU
		{7933F156-8994-46D4-B1D2-25C389AD4C84}.Release|Any CPU.ActiveCfg = Release|Any CPU
		{7933F156-8994-46D4-B1D2-25C389AD4C84}.Release|Any CPU.Build.0 = Release|Any CPU
		{7933F156-8994-46D4-B1D2-25C389AD4C84}.RelNoLic|Any CPU.ActiveCfg = Release|Any CPU
		{7933F156-8994-46D4-B1D2-25C389AD4C84}.RelNoLic|Any CPU.Build.0 = Release|Any CPU
		{A316C289-EBD6-4027-BC36-2617D82BE654}.DebNoLic|Any CPU.ActiveCfg = Debug|Any CPU
		{A316C289-EBD6-4027-BC36-2617D82BE654}.DebNoLic|Any CPU.Build.0 = Debug|Any CPU
		{A316C289-EBD6-4027-BC36-2617D82BE654}.Debug|Any CPU.ActiveCfg = Debug|Any CPU
		{A316C289-EBD6-4027-BC36-2617D82BE654}.Debug|Any CPU.Build.0 = Debug|Any CPU
		{A316C289-EBD6-4027-BC36-2617D82BE654}.Release|Any CPU.ActiveCfg = Release|Any CPU
		{A316C289-EBD6-4027-BC36-2617D82BE654}.Release|Any CPU.Build.0 = Release|Any CPU
		{A316C289-EBD6-4027-BC36-2617D82BE654}.RelNoLic|Any CPU.ActiveCfg = Release|Any CPU
		{A316C289-EBD6-4027-BC36-2617D82BE654}.RelNoLic|Any CPU.Build.0 = Release|Any CPU
		{E344EAD1-F052-4749-94AB-54E023567D60}.DebNoLic|Any CPU.ActiveCfg = Debug|Any CPU
		{E344EAD1-F052-4749-94AB-54E023567D60}.DebNoLic|Any CPU.Build.0 = Debug|Any CPU
		{E344EAD1-F052-4749-94AB-54E023567D60}.Debug|Any CPU.ActiveCfg = Debug|Any CPU
		{E344EAD1-F052-4749-94AB-54E023567D60}.Debug|Any CPU.Build.0 = Debug|Any CPU
		{E344EAD1-F052-4749-94AB-54E023567D60}.Release|Any CPU.ActiveCfg = Release|Any CPU
		{E344EAD1-F052-4749-94AB-54E023567D60}.Release|Any CPU.Build.0 = Release|Any CPU
		{E344EAD1-F052-4749-94AB-54E023567D60}.RelNoLic|Any CPU.ActiveCfg = Release|Any CPU
		{E344EAD1-F052-4749-94AB-54E023567D60}.RelNoLic|Any CPU.Build.0 = Release|Any CPU
		{847D4025-A452-402E-B196-B189F48DE567}.DebNoLic|Any CPU.ActiveCfg = Debug|Any CPU
		{847D4025-A452-402E-B196-B189F48DE567}.DebNoLic|Any CPU.Build.0 = Debug|Any CPU
		{847D4025-A452-402E-B196-B189F48DE567}.Debug|Any CPU.ActiveCfg = Debug|Any CPU
		{847D4025-A452-402E-B196-B189F48DE567}.Debug|Any CPU.Build.0 = Debug|Any CPU
		{847D4025-A452-402E-B196-B189F48DE567}.Release|Any CPU.ActiveCfg = Release|Any CPU
		{847D4025-A452-402E-B196-B189F48DE567}.Release|Any CPU.Build.0 = Release|Any CPU
		{847D4025-A452-402E-B196-B189F48DE567}.RelNoLic|Any CPU.ActiveCfg = Release|Any CPU
		{847D4025-A452-402E-B196-B189F48DE567}.RelNoLic|Any CPU.Build.0 = Release|Any CPU
		{CF39B37A-CEB6-4DFD-B6FA-5F68CE49A1BA}.DebNoLic|Any CPU.ActiveCfg = Debug|Any CPU
		{CF39B37A-CEB6-4DFD-B6FA-5F68CE49A1BA}.DebNoLic|Any CPU.Build.0 = Debug|Any CPU
		{CF39B37A-CEB6-4DFD-B6FA-5F68CE49A1BA}.Debug|Any CPU.ActiveCfg = Debug|Any CPU
		{CF39B37A-CEB6-4DFD-B6FA-5F68CE49A1BA}.Debug|Any CPU.Build.0 = Debug|Any CPU
		{CF39B37A-CEB6-4DFD-B6FA-5F68CE49A1BA}.Release|Any CPU.ActiveCfg = Release|Any CPU
		{CF39B37A-CEB6-4DFD-B6FA-5F68CE49A1BA}.Release|Any CPU.Build.0 = Release|Any CPU
		{CF39B37A-CEB6-4DFD-B6FA-5F68CE49A1BA}.RelNoLic|Any CPU.ActiveCfg = Release|Any CPU
		{CF39B37A-CEB6-4DFD-B6FA-5F68CE49A1BA}.RelNoLic|Any CPU.Build.0 = Release|Any CPU
		{59DE3C36-18AE-407A-8D3F-AE3CC4105037}.DebNoLic|Any CPU.ActiveCfg = Debug|Any CPU
		{59DE3C36-18AE-407A-8D3F-AE3CC4105037}.DebNoLic|Any CPU.Build.0 = Debug|Any CPU
		{59DE3C36-18AE-407A-8D3F-AE3CC4105037}.Debug|Any CPU.ActiveCfg = Debug|Any CPU
		{59DE3C36-18AE-407A-8D3F-AE3CC4105037}.Debug|Any CPU.Build.0 = Debug|Any CPU
		{59DE3C36-18AE-407A-8D3F-AE3CC4105037}.Release|Any CPU.ActiveCfg = Release|Any CPU
		{59DE3C36-18AE-407A-8D3F-AE3CC4105037}.Release|Any CPU.Build.0 = Release|Any CPU
		{59DE3C36-18AE-407A-8D3F-AE3CC4105037}.RelNoLic|Any CPU.ActiveCfg = Release|Any CPU
		{59DE3C36-18AE-407A-8D3F-AE3CC4105037}.RelNoLic|Any CPU.Build.0 = Release|Any CPU
		{8132FE55-0AB1-4E05-B5AE-24F6092500B9}.DebNoLic|Any CPU.ActiveCfg = Debug|Any CPU
		{8132FE55-0AB1-4E05-B5AE-24F6092500B9}.DebNoLic|Any CPU.Build.0 = Debug|Any CPU
		{8132FE55-0AB1-4E05-B5AE-24F6092500B9}.Debug|Any CPU.ActiveCfg = Debug|Any CPU
		{8132FE55-0AB1-4E05-B5AE-24F6092500B9}.Debug|Any CPU.Build.0 = Debug|Any CPU
		{8132FE55-0AB1-4E05-B5AE-24F6092500B9}.Release|Any CPU.ActiveCfg = Release|Any CPU
		{8132FE55-0AB1-4E05-B5AE-24F6092500B9}.Release|Any CPU.Build.0 = Release|Any CPU
		{8132FE55-0AB1-4E05-B5AE-24F6092500B9}.RelNoLic|Any CPU.ActiveCfg = Release|Any CPU
		{8132FE55-0AB1-4E05-B5AE-24F6092500B9}.RelNoLic|Any CPU.Build.0 = Release|Any CPU
		{5A63882D-91E7-49BC-8A88-5714021B5576}.DebNoLic|Any CPU.ActiveCfg = Debug|Any CPU
		{5A63882D-91E7-49BC-8A88-5714021B5576}.DebNoLic|Any CPU.Build.0 = Debug|Any CPU
		{5A63882D-91E7-49BC-8A88-5714021B5576}.Debug|Any CPU.ActiveCfg = Debug|Any CPU
		{5A63882D-91E7-49BC-8A88-5714021B5576}.Debug|Any CPU.Build.0 = Debug|Any CPU
		{5A63882D-91E7-49BC-8A88-5714021B5576}.Release|Any CPU.ActiveCfg = Release|Any CPU
		{5A63882D-91E7-49BC-8A88-5714021B5576}.Release|Any CPU.Build.0 = Release|Any CPU
		{5A63882D-91E7-49BC-8A88-5714021B5576}.RelNoLic|Any CPU.ActiveCfg = Release|Any CPU
		{5A63882D-91E7-49BC-8A88-5714021B5576}.RelNoLic|Any CPU.Build.0 = Release|Any CPU
		{D67AE428-CBE3-4309-AF3D-057C088F592C}.DebNoLic|Any CPU.ActiveCfg = Debug|Any CPU
		{D67AE428-CBE3-4309-AF3D-057C088F592C}.DebNoLic|Any CPU.Build.0 = Debug|Any CPU
		{D67AE428-CBE3-4309-AF3D-057C088F592C}.Debug|Any CPU.ActiveCfg = Debug|Any CPU
		{D67AE428-CBE3-4309-AF3D-057C088F592C}.Debug|Any CPU.Build.0 = Debug|Any CPU
		{D67AE428-CBE3-4309-AF3D-057C088F592C}.Release|Any CPU.ActiveCfg = Release|Any CPU
		{D67AE428-CBE3-4309-AF3D-057C088F592C}.Release|Any CPU.Build.0 = Release|Any CPU
		{D67AE428-CBE3-4309-AF3D-057C088F592C}.RelNoLic|Any CPU.ActiveCfg = Release|Any CPU
		{D67AE428-CBE3-4309-AF3D-057C088F592C}.RelNoLic|Any CPU.Build.0 = Release|Any CPU
		{137EE853-14B0-4992-B19A-B10386B64A8E}.DebNoLic|Any CPU.ActiveCfg = Debug|Any CPU
		{137EE853-14B0-4992-B19A-B10386B64A8E}.DebNoLic|Any CPU.Build.0 = Debug|Any CPU
		{137EE853-14B0-4992-B19A-B10386B64A8E}.Debug|Any CPU.ActiveCfg = Debug|Any CPU
		{137EE853-14B0-4992-B19A-B10386B64A8E}.Debug|Any CPU.Build.0 = Debug|Any CPU
		{137EE853-14B0-4992-B19A-B10386B64A8E}.Release|Any CPU.ActiveCfg = Release|Any CPU
		{137EE853-14B0-4992-B19A-B10386B64A8E}.Release|Any CPU.Build.0 = Release|Any CPU
		{137EE853-14B0-4992-B19A-B10386B64A8E}.RelNoLic|Any CPU.ActiveCfg = Release|Any CPU
		{137EE853-14B0-4992-B19A-B10386B64A8E}.RelNoLic|Any CPU.Build.0 = Release|Any CPU
		{EFF2A2C6-AC21-42DF-80E5-F93046DA6AF0}.DebNoLic|Any CPU.ActiveCfg = Debug|Any CPU
		{EFF2A2C6-AC21-42DF-80E5-F93046DA6AF0}.DebNoLic|Any CPU.Build.0 = Debug|Any CPU
		{EFF2A2C6-AC21-42DF-80E5-F93046DA6AF0}.Debug|Any CPU.ActiveCfg = Debug|Any CPU
		{EFF2A2C6-AC21-42DF-80E5-F93046DA6AF0}.Debug|Any CPU.Build.0 = Debug|Any CPU
		{EFF2A2C6-AC21-42DF-80E5-F93046DA6AF0}.Release|Any CPU.ActiveCfg = Release|Any CPU
		{EFF2A2C6-AC21-42DF-80E5-F93046DA6AF0}.Release|Any CPU.Build.0 = Release|Any CPU
		{EFF2A2C6-AC21-42DF-80E5-F93046DA6AF0}.RelNoLic|Any CPU.ActiveCfg = Release|Any CPU
		{EFF2A2C6-AC21-42DF-80E5-F93046DA6AF0}.RelNoLic|Any CPU.Build.0 = Release|Any CPU
		{AA19957F-EDD7-4C4F-966C-CA6244C3DB33}.DebNoLic|Any CPU.ActiveCfg = Debug|Any CPU
		{AA19957F-EDD7-4C4F-966C-CA6244C3DB33}.DebNoLic|Any CPU.Build.0 = Debug|Any CPU
		{AA19957F-EDD7-4C4F-966C-CA6244C3DB33}.Debug|Any CPU.ActiveCfg = Debug|Any CPU
		{AA19957F-EDD7-4C4F-966C-CA6244C3DB33}.Debug|Any CPU.Build.0 = Debug|Any CPU
		{AA19957F-EDD7-4C4F-966C-CA6244C3DB33}.Release|Any CPU.ActiveCfg = Release|Any CPU
		{AA19957F-EDD7-4C4F-966C-CA6244C3DB33}.Release|Any CPU.Build.0 = Release|Any CPU
		{AA19957F-EDD7-4C4F-966C-CA6244C3DB33}.RelNoLic|Any CPU.ActiveCfg = Release|Any CPU
		{AA19957F-EDD7-4C4F-966C-CA6244C3DB33}.RelNoLic|Any CPU.Build.0 = Release|Any CPU
		{498787C9-7ECD-4E0B-B665-1A302E7ECB0F}.DebNoLic|Any CPU.ActiveCfg = Debug|Any CPU
		{498787C9-7ECD-4E0B-B665-1A302E7ECB0F}.DebNoLic|Any CPU.Build.0 = Debug|Any CPU
		{498787C9-7ECD-4E0B-B665-1A302E7ECB0F}.Debug|Any CPU.ActiveCfg = Debug|Any CPU
		{498787C9-7ECD-4E0B-B665-1A302E7ECB0F}.Debug|Any CPU.Build.0 = Debug|Any CPU
		{498787C9-7ECD-4E0B-B665-1A302E7ECB0F}.Release|Any CPU.ActiveCfg = Release|Any CPU
		{498787C9-7ECD-4E0B-B665-1A302E7ECB0F}.Release|Any CPU.Build.0 = Release|Any CPU
		{498787C9-7ECD-4E0B-B665-1A302E7ECB0F}.RelNoLic|Any CPU.ActiveCfg = Release|Any CPU
		{498787C9-7ECD-4E0B-B665-1A302E7ECB0F}.RelNoLic|Any CPU.Build.0 = Release|Any CPU
		{E62EA120-48F0-400B-AC52-D5FF4548E452}.DebNoLic|Any CPU.ActiveCfg = Debug|Any CPU
		{E62EA120-48F0-400B-AC52-D5FF4548E452}.DebNoLic|Any CPU.Build.0 = Debug|Any CPU
		{E62EA120-48F0-400B-AC52-D5FF4548E452}.Debug|Any CPU.ActiveCfg = Debug|Any CPU
		{E62EA120-48F0-400B-AC52-D5FF4548E452}.Debug|Any CPU.Build.0 = Debug|Any CPU
		{E62EA120-48F0-400B-AC52-D5FF4548E452}.Release|Any CPU.ActiveCfg = Release|Any CPU
		{E62EA120-48F0-400B-AC52-D5FF4548E452}.Release|Any CPU.Build.0 = Release|Any CPU
		{E62EA120-48F0-400B-AC52-D5FF4548E452}.RelNoLic|Any CPU.ActiveCfg = Release|Any CPU
		{E62EA120-48F0-400B-AC52-D5FF4548E452}.RelNoLic|Any CPU.Build.0 = Release|Any CPU
		{3EB5F61C-2B39-4893-BFB0-BB25CEA41CE7}.DebNoLic|Any CPU.ActiveCfg = Debug|Any CPU
		{3EB5F61C-2B39-4893-BFB0-BB25CEA41CE7}.DebNoLic|Any CPU.Build.0 = Debug|Any CPU
		{3EB5F61C-2B39-4893-BFB0-BB25CEA41CE7}.Debug|Any CPU.ActiveCfg = Debug|Any CPU
		{3EB5F61C-2B39-4893-BFB0-BB25CEA41CE7}.Debug|Any CPU.Build.0 = Debug|Any CPU
		{3EB5F61C-2B39-4893-BFB0-BB25CEA41CE7}.Release|Any CPU.ActiveCfg = Release|Any CPU
		{3EB5F61C-2B39-4893-BFB0-BB25CEA41CE7}.Release|Any CPU.Build.0 = Release|Any CPU
		{3EB5F61C-2B39-4893-BFB0-BB25CEA41CE7}.RelNoLic|Any CPU.ActiveCfg = Release|Any CPU
		{3EB5F61C-2B39-4893-BFB0-BB25CEA41CE7}.RelNoLic|Any CPU.Build.0 = Release|Any CPU
		{89724B85-F454-4079-BC64-7402FF4D4537}.DebNoLic|Any CPU.ActiveCfg = Debug|Any CPU
		{89724B85-F454-4079-BC64-7402FF4D4537}.DebNoLic|Any CPU.Build.0 = Debug|Any CPU
		{89724B85-F454-4079-BC64-7402FF4D4537}.Debug|Any CPU.ActiveCfg = Debug|Any CPU
		{89724B85-F454-4079-BC64-7402FF4D4537}.Debug|Any CPU.Build.0 = Debug|Any CPU
		{89724B85-F454-4079-BC64-7402FF4D4537}.Release|Any CPU.ActiveCfg = Release|Any CPU
		{89724B85-F454-4079-BC64-7402FF4D4537}.Release|Any CPU.Build.0 = Release|Any CPU
		{89724B85-F454-4079-BC64-7402FF4D4537}.RelNoLic|Any CPU.ActiveCfg = Release|Any CPU
		{89724B85-F454-4079-BC64-7402FF4D4537}.RelNoLic|Any CPU.Build.0 = Release|Any CPU
		{5F1D3FD4-2796-4AD2-A04D-F49E73B10FAF}.DebNoLic|Any CPU.ActiveCfg = Debug|Any CPU
		{5F1D3FD4-2796-4AD2-A04D-F49E73B10FAF}.DebNoLic|Any CPU.Build.0 = Debug|Any CPU
		{5F1D3FD4-2796-4AD2-A04D-F49E73B10FAF}.Debug|Any CPU.ActiveCfg = Debug|Any CPU
		{5F1D3FD4-2796-4AD2-A04D-F49E73B10FAF}.Debug|Any CPU.Build.0 = Debug|Any CPU
		{5F1D3FD4-2796-4AD2-A04D-F49E73B10FAF}.Release|Any CPU.ActiveCfg = Release|Any CPU
		{5F1D3FD4-2796-4AD2-A04D-F49E73B10FAF}.Release|Any CPU.Build.0 = Release|Any CPU
		{5F1D3FD4-2796-4AD2-A04D-F49E73B10FAF}.RelNoLic|Any CPU.ActiveCfg = Release|Any CPU
		{5F1D3FD4-2796-4AD2-A04D-F49E73B10FAF}.RelNoLic|Any CPU.Build.0 = Release|Any CPU
		{A8E6618A-19E9-45D9-8A0B-B02C351A571E}.DebNoLic|Any CPU.ActiveCfg = Debug|Any CPU
		{A8E6618A-19E9-45D9-8A0B-B02C351A571E}.DebNoLic|Any CPU.Build.0 = Debug|Any CPU
		{A8E6618A-19E9-45D9-8A0B-B02C351A571E}.Debug|Any CPU.ActiveCfg = Debug|Any CPU
		{A8E6618A-19E9-45D9-8A0B-B02C351A571E}.Debug|Any CPU.Build.0 = Debug|Any CPU
		{A8E6618A-19E9-45D9-8A0B-B02C351A571E}.Release|Any CPU.ActiveCfg = Release|Any CPU
		{A8E6618A-19E9-45D9-8A0B-B02C351A571E}.Release|Any CPU.Build.0 = Release|Any CPU
		{A8E6618A-19E9-45D9-8A0B-B02C351A571E}.RelNoLic|Any CPU.ActiveCfg = Release|Any CPU
		{A8E6618A-19E9-45D9-8A0B-B02C351A571E}.RelNoLic|Any CPU.Build.0 = Release|Any CPU
		{28A67C53-B4FE-42F7-9705-92F62D51AD51}.DebNoLic|Any CPU.ActiveCfg = Debug|Any CPU
		{28A67C53-B4FE-42F7-9705-92F62D51AD51}.DebNoLic|Any CPU.Build.0 = Debug|Any CPU
		{28A67C53-B4FE-42F7-9705-92F62D51AD51}.Debug|Any CPU.ActiveCfg = Debug|Any CPU
		{28A67C53-B4FE-42F7-9705-92F62D51AD51}.Debug|Any CPU.Build.0 = Debug|Any CPU
		{28A67C53-B4FE-42F7-9705-92F62D51AD51}.Release|Any CPU.ActiveCfg = Release|Any CPU
		{28A67C53-B4FE-42F7-9705-92F62D51AD51}.Release|Any CPU.Build.0 = Release|Any CPU
		{28A67C53-B4FE-42F7-9705-92F62D51AD51}.RelNoLic|Any CPU.ActiveCfg = Release|Any CPU
		{28A67C53-B4FE-42F7-9705-92F62D51AD51}.RelNoLic|Any CPU.Build.0 = Release|Any CPU
		{C831ACF0-6750-4D7E-AB0E-8561C3814210}.DebNoLic|Any CPU.ActiveCfg = Debug|Any CPU
		{C831ACF0-6750-4D7E-AB0E-8561C3814210}.DebNoLic|Any CPU.Build.0 = Debug|Any CPU
		{C831ACF0-6750-4D7E-AB0E-8561C3814210}.Debug|Any CPU.ActiveCfg = Debug|Any CPU
		{C831ACF0-6750-4D7E-AB0E-8561C3814210}.Debug|Any CPU.Build.0 = Debug|Any CPU
		{C831ACF0-6750-4D7E-AB0E-8561C3814210}.Release|Any CPU.ActiveCfg = Release|Any CPU
		{C831ACF0-6750-4D7E-AB0E-8561C3814210}.Release|Any CPU.Build.0 = Release|Any CPU
		{C831ACF0-6750-4D7E-AB0E-8561C3814210}.RelNoLic|Any CPU.ActiveCfg = Release|Any CPU
		{C831ACF0-6750-4D7E-AB0E-8561C3814210}.RelNoLic|Any CPU.Build.0 = Release|Any CPU
		{D20B6E65-70FA-4492-9AD4-15E0EB4ADB99}.DebNoLic|Any CPU.ActiveCfg = Debug|Any CPU
		{D20B6E65-70FA-4492-9AD4-15E0EB4ADB99}.DebNoLic|Any CPU.Build.0 = Debug|Any CPU
		{D20B6E65-70FA-4492-9AD4-15E0EB4ADB99}.Debug|Any CPU.ActiveCfg = Debug|Any CPU
		{D20B6E65-70FA-4492-9AD4-15E0EB4ADB99}.Debug|Any CPU.Build.0 = Debug|Any CPU
		{D20B6E65-70FA-4492-9AD4-15E0EB4ADB99}.Release|Any CPU.ActiveCfg = Release|Any CPU
		{D20B6E65-70FA-4492-9AD4-15E0EB4ADB99}.Release|Any CPU.Build.0 = Release|Any CPU
		{D20B6E65-70FA-4492-9AD4-15E0EB4ADB99}.RelNoLic|Any CPU.ActiveCfg = Release|Any CPU
		{D20B6E65-70FA-4492-9AD4-15E0EB4ADB99}.RelNoLic|Any CPU.Build.0 = Release|Any CPU
		{25463D7F-AFA9-4E4D-9F2A-C9E6F6D0BD21}.DebNoLic|Any CPU.ActiveCfg = Debug|Any CPU
		{25463D7F-AFA9-4E4D-9F2A-C9E6F6D0BD21}.DebNoLic|Any CPU.Build.0 = Debug|Any CPU
		{25463D7F-AFA9-4E4D-9F2A-C9E6F6D0BD21}.Debug|Any CPU.ActiveCfg = Debug|Any CPU
		{25463D7F-AFA9-4E4D-9F2A-C9E6F6D0BD21}.Debug|Any CPU.Build.0 = Debug|Any CPU
		{25463D7F-AFA9-4E4D-9F2A-C9E6F6D0BD21}.Release|Any CPU.ActiveCfg = Release|Any CPU
		{25463D7F-AFA9-4E4D-9F2A-C9E6F6D0BD21}.Release|Any CPU.Build.0 = Release|Any CPU
		{25463D7F-AFA9-4E4D-9F2A-C9E6F6D0BD21}.RelNoLic|Any CPU.ActiveCfg = Release|Any CPU
		{25463D7F-AFA9-4E4D-9F2A-C9E6F6D0BD21}.RelNoLic|Any CPU.Build.0 = Release|Any CPU
		{6AD448DE-288C-469D-8717-BE0AB6FE93B8}.DebNoLic|Any CPU.ActiveCfg = Debug|Any CPU
		{6AD448DE-288C-469D-8717-BE0AB6FE93B8}.DebNoLic|Any CPU.Build.0 = Debug|Any CPU
		{6AD448DE-288C-469D-8717-BE0AB6FE93B8}.Debug|Any CPU.ActiveCfg = Debug|Any CPU
		{6AD448DE-288C-469D-8717-BE0AB6FE93B8}.Debug|Any CPU.Build.0 = Debug|Any CPU
		{6AD448DE-288C-469D-8717-BE0AB6FE93B8}.Release|Any CPU.ActiveCfg = Release|Any CPU
		{6AD448DE-288C-469D-8717-BE0AB6FE93B8}.Release|Any CPU.Build.0 = Release|Any CPU
		{6AD448DE-288C-469D-8717-BE0AB6FE93B8}.RelNoLic|Any CPU.ActiveCfg = Release|Any CPU
		{6AD448DE-288C-469D-8717-BE0AB6FE93B8}.RelNoLic|Any CPU.Build.0 = Release|Any CPU
		{DAD7511E-0530-4B1A-B96B-E9A3D82D67FF}.DebNoLic|Any CPU.ActiveCfg = Debug|Any CPU
		{DAD7511E-0530-4B1A-B96B-E9A3D82D67FF}.DebNoLic|Any CPU.Build.0 = Debug|Any CPU
		{DAD7511E-0530-4B1A-B96B-E9A3D82D67FF}.Debug|Any CPU.ActiveCfg = Debug|Any CPU
		{DAD7511E-0530-4B1A-B96B-E9A3D82D67FF}.Debug|Any CPU.Build.0 = Debug|Any CPU
		{DAD7511E-0530-4B1A-B96B-E9A3D82D67FF}.Release|Any CPU.ActiveCfg = Release|Any CPU
		{DAD7511E-0530-4B1A-B96B-E9A3D82D67FF}.Release|Any CPU.Build.0 = Release|Any CPU
		{DAD7511E-0530-4B1A-B96B-E9A3D82D67FF}.RelNoLic|Any CPU.ActiveCfg = Release|Any CPU
		{DAD7511E-0530-4B1A-B96B-E9A3D82D67FF}.RelNoLic|Any CPU.Build.0 = Release|Any CPU
		{DF2CF69E-933E-449D-A8D8-81C871CFE133}.DebNoLic|Any CPU.ActiveCfg = DebNoLic|Any CPU
		{DF2CF69E-933E-449D-A8D8-81C871CFE133}.DebNoLic|Any CPU.Build.0 = DebNoLic|Any CPU
		{DF2CF69E-933E-449D-A8D8-81C871CFE133}.Debug|Any CPU.ActiveCfg = Debug|Any CPU
		{DF2CF69E-933E-449D-A8D8-81C871CFE133}.Debug|Any CPU.Build.0 = Debug|Any CPU
		{DF2CF69E-933E-449D-A8D8-81C871CFE133}.Release|Any CPU.ActiveCfg = Release|Any CPU
		{DF2CF69E-933E-449D-A8D8-81C871CFE133}.Release|Any CPU.Build.0 = Release|Any CPU
		{DF2CF69E-933E-449D-A8D8-81C871CFE133}.RelNoLic|Any CPU.ActiveCfg = RelNoLic|Any CPU
		{DF2CF69E-933E-449D-A8D8-81C871CFE133}.RelNoLic|Any CPU.Build.0 = RelNoLic|Any CPU
		{0A2AFF03-0EE3-49AC-ABA1-DBB173005CA6}.DebNoLic|Any CPU.ActiveCfg = DebNoLic|Any CPU
		{0A2AFF03-0EE3-49AC-ABA1-DBB173005CA6}.DebNoLic|Any CPU.Build.0 = DebNoLic|Any CPU
		{0A2AFF03-0EE3-49AC-ABA1-DBB173005CA6}.Debug|Any CPU.ActiveCfg = Debug|Any CPU
		{0A2AFF03-0EE3-49AC-ABA1-DBB173005CA6}.Debug|Any CPU.Build.0 = Debug|Any CPU
		{0A2AFF03-0EE3-49AC-ABA1-DBB173005CA6}.Release|Any CPU.ActiveCfg = Release|Any CPU
		{0A2AFF03-0EE3-49AC-ABA1-DBB173005CA6}.Release|Any CPU.Build.0 = Release|Any CPU
		{0A2AFF03-0EE3-49AC-ABA1-DBB173005CA6}.RelNoLic|Any CPU.ActiveCfg = RelNoLic|Any CPU
		{0A2AFF03-0EE3-49AC-ABA1-DBB173005CA6}.RelNoLic|Any CPU.Build.0 = RelNoLic|Any CPU
		{54CFA880-3DF2-4BCC-8FB8-31CF4BA0BAB2}.DebNoLic|Any CPU.ActiveCfg = DebNoLic|Any CPU
		{54CFA880-3DF2-4BCC-8FB8-31CF4BA0BAB2}.DebNoLic|Any CPU.Build.0 = DebNoLic|Any CPU
		{54CFA880-3DF2-4BCC-8FB8-31CF4BA0BAB2}.Debug|Any CPU.ActiveCfg = Debug|Any CPU
		{54CFA880-3DF2-4BCC-8FB8-31CF4BA0BAB2}.Debug|Any CPU.Build.0 = Debug|Any CPU
		{54CFA880-3DF2-4BCC-8FB8-31CF4BA0BAB2}.Release|Any CPU.ActiveCfg = Release|Any CPU
		{54CFA880-3DF2-4BCC-8FB8-31CF4BA0BAB2}.Release|Any CPU.Build.0 = Release|Any CPU
		{54CFA880-3DF2-4BCC-8FB8-31CF4BA0BAB2}.RelNoLic|Any CPU.ActiveCfg = RelNoLic|Any CPU
		{54CFA880-3DF2-4BCC-8FB8-31CF4BA0BAB2}.RelNoLic|Any CPU.Build.0 = RelNoLic|Any CPU
		{C5867F93-59AC-484E-8D7C-FA2F8FDB30FB}.DebNoLic|Any CPU.ActiveCfg = DebNoLic|Any CPU
		{C5867F93-59AC-484E-8D7C-FA2F8FDB30FB}.DebNoLic|Any CPU.Build.0 = DebNoLic|Any CPU
		{C5867F93-59AC-484E-8D7C-FA2F8FDB30FB}.Debug|Any CPU.ActiveCfg = Debug|Any CPU
		{C5867F93-59AC-484E-8D7C-FA2F8FDB30FB}.Debug|Any CPU.Build.0 = Debug|Any CPU
		{C5867F93-59AC-484E-8D7C-FA2F8FDB30FB}.Release|Any CPU.ActiveCfg = Release|Any CPU
		{C5867F93-59AC-484E-8D7C-FA2F8FDB30FB}.Release|Any CPU.Build.0 = Release|Any CPU
		{C5867F93-59AC-484E-8D7C-FA2F8FDB30FB}.RelNoLic|Any CPU.ActiveCfg = RelNoLic|Any CPU
		{C5867F93-59AC-484E-8D7C-FA2F8FDB30FB}.RelNoLic|Any CPU.Build.0 = RelNoLic|Any CPU
		{3C4F22B1-D744-46FD-9432-5B1EA7CA6266}.DebNoLic|Any CPU.ActiveCfg = DebNoLic|Any CPU
		{3C4F22B1-D744-46FD-9432-5B1EA7CA6266}.DebNoLic|Any CPU.Build.0 = DebNoLic|Any CPU
		{3C4F22B1-D744-46FD-9432-5B1EA7CA6266}.Debug|Any CPU.ActiveCfg = Debug|Any CPU
		{3C4F22B1-D744-46FD-9432-5B1EA7CA6266}.Debug|Any CPU.Build.0 = Debug|Any CPU
		{3C4F22B1-D744-46FD-9432-5B1EA7CA6266}.Release|Any CPU.ActiveCfg = Release|Any CPU
		{3C4F22B1-D744-46FD-9432-5B1EA7CA6266}.Release|Any CPU.Build.0 = Release|Any CPU
		{3C4F22B1-D744-46FD-9432-5B1EA7CA6266}.RelNoLic|Any CPU.ActiveCfg = RelNoLic|Any CPU
		{3C4F22B1-D744-46FD-9432-5B1EA7CA6266}.RelNoLic|Any CPU.Build.0 = RelNoLic|Any CPU
		{DA1F9968-094A-4EC6-ABCA-6E75F77948CD}.DebNoLic|Any CPU.ActiveCfg = Debug|Any CPU
		{DA1F9968-094A-4EC6-ABCA-6E75F77948CD}.DebNoLic|Any CPU.Build.0 = Debug|Any CPU
		{DA1F9968-094A-4EC6-ABCA-6E75F77948CD}.Debug|Any CPU.ActiveCfg = Debug|Any CPU
		{DA1F9968-094A-4EC6-ABCA-6E75F77948CD}.Debug|Any CPU.Build.0 = Debug|Any CPU
		{DA1F9968-094A-4EC6-ABCA-6E75F77948CD}.Release|Any CPU.ActiveCfg = Release|Any CPU
		{DA1F9968-094A-4EC6-ABCA-6E75F77948CD}.Release|Any CPU.Build.0 = Release|Any CPU
		{DA1F9968-094A-4EC6-ABCA-6E75F77948CD}.RelNoLic|Any CPU.ActiveCfg = Debug|Any CPU
		{DA1F9968-094A-4EC6-ABCA-6E75F77948CD}.RelNoLic|Any CPU.Build.0 = Debug|Any CPU
		{9F9CE6EE-A47D-4079-9412-09ACAF9ADC7B}.DebNoLic|Any CPU.ActiveCfg = Debug|Any CPU
		{9F9CE6EE-A47D-4079-9412-09ACAF9ADC7B}.DebNoLic|Any CPU.Build.0 = Debug|Any CPU
		{9F9CE6EE-A47D-4079-9412-09ACAF9ADC7B}.Debug|Any CPU.ActiveCfg = Debug|Any CPU
		{9F9CE6EE-A47D-4079-9412-09ACAF9ADC7B}.Debug|Any CPU.Build.0 = Debug|Any CPU
		{9F9CE6EE-A47D-4079-9412-09ACAF9ADC7B}.Release|Any CPU.ActiveCfg = Release|Any CPU
		{9F9CE6EE-A47D-4079-9412-09ACAF9ADC7B}.Release|Any CPU.Build.0 = Release|Any CPU
		{9F9CE6EE-A47D-4079-9412-09ACAF9ADC7B}.RelNoLic|Any CPU.ActiveCfg = Debug|Any CPU
		{9F9CE6EE-A47D-4079-9412-09ACAF9ADC7B}.RelNoLic|Any CPU.Build.0 = Debug|Any CPU
		{4AD6A270-516E-4ABE-B2A5-77F46FD62950}.DebNoLic|Any CPU.ActiveCfg = Debug|Any CPU
		{4AD6A270-516E-4ABE-B2A5-77F46FD62950}.DebNoLic|Any CPU.Build.0 = Debug|Any CPU
		{4AD6A270-516E-4ABE-B2A5-77F46FD62950}.Debug|Any CPU.ActiveCfg = Debug|Any CPU
		{4AD6A270-516E-4ABE-B2A5-77F46FD62950}.Debug|Any CPU.Build.0 = Debug|Any CPU
		{4AD6A270-516E-4ABE-B2A5-77F46FD62950}.Release|Any CPU.ActiveCfg = Release|Any CPU
		{4AD6A270-516E-4ABE-B2A5-77F46FD62950}.Release|Any CPU.Build.0 = Release|Any CPU
		{4AD6A270-516E-4ABE-B2A5-77F46FD62950}.RelNoLic|Any CPU.ActiveCfg = Debug|Any CPU
		{4AD6A270-516E-4ABE-B2A5-77F46FD62950}.RelNoLic|Any CPU.Build.0 = Debug|Any CPU
		{BE545238-82B0-4538-999B-9396666EB5D4}.DebNoLic|Any CPU.ActiveCfg = Debug|Any CPU
		{BE545238-82B0-4538-999B-9396666EB5D4}.DebNoLic|Any CPU.Build.0 = Debug|Any CPU
		{BE545238-82B0-4538-999B-9396666EB5D4}.Debug|Any CPU.ActiveCfg = Debug|Any CPU
		{BE545238-82B0-4538-999B-9396666EB5D4}.Debug|Any CPU.Build.0 = Debug|Any CPU
		{BE545238-82B0-4538-999B-9396666EB5D4}.Release|Any CPU.ActiveCfg = Release|Any CPU
		{BE545238-82B0-4538-999B-9396666EB5D4}.Release|Any CPU.Build.0 = Release|Any CPU
		{BE545238-82B0-4538-999B-9396666EB5D4}.RelNoLic|Any CPU.ActiveCfg = Debug|Any CPU
		{BE545238-82B0-4538-999B-9396666EB5D4}.RelNoLic|Any CPU.Build.0 = Debug|Any CPU
		{F68011A9-5333-441F-8CE5-DF41362EEFED}.DebNoLic|Any CPU.ActiveCfg = Debug|Any CPU
		{F68011A9-5333-441F-8CE5-DF41362EEFED}.DebNoLic|Any CPU.Build.0 = Debug|Any CPU
		{F68011A9-5333-441F-8CE5-DF41362EEFED}.Debug|Any CPU.ActiveCfg = Debug|Any CPU
		{F68011A9-5333-441F-8CE5-DF41362EEFED}.Debug|Any CPU.Build.0 = Debug|Any CPU
		{F68011A9-5333-441F-8CE5-DF41362EEFED}.Release|Any CPU.ActiveCfg = Release|Any CPU
		{F68011A9-5333-441F-8CE5-DF41362EEFED}.Release|Any CPU.Build.0 = Release|Any CPU
		{F68011A9-5333-441F-8CE5-DF41362EEFED}.RelNoLic|Any CPU.ActiveCfg = Debug|Any CPU
		{F68011A9-5333-441F-8CE5-DF41362EEFED}.RelNoLic|Any CPU.Build.0 = Debug|Any CPU
		{F4A42645-F1A1-45A1-9619-D0EEB61A9508}.DebNoLic|Any CPU.ActiveCfg = Debug|Any CPU
		{F4A42645-F1A1-45A1-9619-D0EEB61A9508}.DebNoLic|Any CPU.Build.0 = Debug|Any CPU
		{F4A42645-F1A1-45A1-9619-D0EEB61A9508}.Debug|Any CPU.ActiveCfg = Debug|Any CPU
		{F4A42645-F1A1-45A1-9619-D0EEB61A9508}.Debug|Any CPU.Build.0 = Debug|Any CPU
		{F4A42645-F1A1-45A1-9619-D0EEB61A9508}.Release|Any CPU.ActiveCfg = Release|Any CPU
		{F4A42645-F1A1-45A1-9619-D0EEB61A9508}.Release|Any CPU.Build.0 = Release|Any CPU
		{F4A42645-F1A1-45A1-9619-D0EEB61A9508}.RelNoLic|Any CPU.ActiveCfg = Debug|Any CPU
		{F4A42645-F1A1-45A1-9619-D0EEB61A9508}.RelNoLic|Any CPU.Build.0 = Debug|Any CPU
		{3C4BF20D-A6D1-46C8-9A22-42DF03C929BC}.DebNoLic|Any CPU.ActiveCfg = Debug|Any CPU
		{3C4BF20D-A6D1-46C8-9A22-42DF03C929BC}.DebNoLic|Any CPU.Build.0 = Debug|Any CPU
		{3C4BF20D-A6D1-46C8-9A22-42DF03C929BC}.Debug|Any CPU.ActiveCfg = Debug|Any CPU
		{3C4BF20D-A6D1-46C8-9A22-42DF03C929BC}.Debug|Any CPU.Build.0 = Debug|Any CPU
		{3C4BF20D-A6D1-46C8-9A22-42DF03C929BC}.Release|Any CPU.ActiveCfg = Release|Any CPU
		{3C4BF20D-A6D1-46C8-9A22-42DF03C929BC}.Release|Any CPU.Build.0 = Release|Any CPU
		{3C4BF20D-A6D1-46C8-9A22-42DF03C929BC}.RelNoLic|Any CPU.ActiveCfg = Debug|Any CPU
		{3C4BF20D-A6D1-46C8-9A22-42DF03C929BC}.RelNoLic|Any CPU.Build.0 = Debug|Any CPU
	EndGlobalSection
	GlobalSection(SolutionProperties) = preSolution
		HideSolutionNode = FALSE
	EndGlobalSection
	GlobalSection(NestedProjects) = preSolution
		{00E159E9-EDE3-4FB6-8524-CEA4D593A021} = {6DDB50CD-A458-406F-935F-83F4C494D834}
		{7933F156-8994-46D4-B1D2-25C389AD4C84} = {6DDB50CD-A458-406F-935F-83F4C494D834}
		{A316C289-EBD6-4027-BC36-2617D82BE654} = {6DDB50CD-A458-406F-935F-83F4C494D834}
		{E344EAD1-F052-4749-94AB-54E023567D60} = {6DDB50CD-A458-406F-935F-83F4C494D834}
		{847D4025-A452-402E-B196-B189F48DE567} = {6DDB50CD-A458-406F-935F-83F4C494D834}
		{CF39B37A-CEB6-4DFD-B6FA-5F68CE49A1BA} = {6DDB50CD-A458-406F-935F-83F4C494D834}
		{59DE3C36-18AE-407A-8D3F-AE3CC4105037} = {6DDB50CD-A458-406F-935F-83F4C494D834}
		{8132FE55-0AB1-4E05-B5AE-24F6092500B9} = {6DDB50CD-A458-406F-935F-83F4C494D834}
		{5A63882D-91E7-49BC-8A88-5714021B5576} = {6DDB50CD-A458-406F-935F-83F4C494D834}
		{D67AE428-CBE3-4309-AF3D-057C088F592C} = {6DDB50CD-A458-406F-935F-83F4C494D834}
		{137EE853-14B0-4992-B19A-B10386B64A8E} = {6DDB50CD-A458-406F-935F-83F4C494D834}
		{EFF2A2C6-AC21-42DF-80E5-F93046DA6AF0} = {6DDB50CD-A458-406F-935F-83F4C494D834}
		{AA19957F-EDD7-4C4F-966C-CA6244C3DB33} = {6DDB50CD-A458-406F-935F-83F4C494D834}
		{498787C9-7ECD-4E0B-B665-1A302E7ECB0F} = {6DDB50CD-A458-406F-935F-83F4C494D834}
		{E62EA120-48F0-400B-AC52-D5FF4548E452} = {6DDB50CD-A458-406F-935F-83F4C494D834}
		{3EB5F61C-2B39-4893-BFB0-BB25CEA41CE7} = {CD78A5E9-7064-4F89-87A6-2A0294D73303}
		{89724B85-F454-4079-BC64-7402FF4D4537} = {CD78A5E9-7064-4F89-87A6-2A0294D73303}
		{5F1D3FD4-2796-4AD2-A04D-F49E73B10FAF} = {CD78A5E9-7064-4F89-87A6-2A0294D73303}
		{A8E6618A-19E9-45D9-8A0B-B02C351A571E} = {4B08A064-11BA-4885-94F2-BAAC6A4DBB81}
		{28A67C53-B4FE-42F7-9705-92F62D51AD51} = {4B08A064-11BA-4885-94F2-BAAC6A4DBB81}
		{C831ACF0-6750-4D7E-AB0E-8561C3814210} = {CD78A5E9-7064-4F89-87A6-2A0294D73303}
		{D20B6E65-70FA-4492-9AD4-15E0EB4ADB99} = {CD78A5E9-7064-4F89-87A6-2A0294D73303}
		{25463D7F-AFA9-4E4D-9F2A-C9E6F6D0BD21} = {CD78A5E9-7064-4F89-87A6-2A0294D73303}
		{6AD448DE-288C-469D-8717-BE0AB6FE93B8} = {6DDB50CD-A458-406F-935F-83F4C494D834}
		{DAD7511E-0530-4B1A-B96B-E9A3D82D67FF} = {6DDB50CD-A458-406F-935F-83F4C494D834}
		{DA1F9968-094A-4EC6-ABCA-6E75F77948CD} = {6DDB50CD-A458-406F-935F-83F4C494D834}
		{9F9CE6EE-A47D-4079-9412-09ACAF9ADC7B} = {CD78A5E9-7064-4F89-87A6-2A0294D73303}
		{4AD6A270-516E-4ABE-B2A5-77F46FD62950} = {CD78A5E9-7064-4F89-87A6-2A0294D73303}
		{BE545238-82B0-4538-999B-9396666EB5D4} = {6DDB50CD-A458-406F-935F-83F4C494D834}
		{F68011A9-5333-441F-8CE5-DF41362EEFED} = {6DDB50CD-A458-406F-935F-83F4C494D834}
		{F4A42645-F1A1-45A1-9619-D0EEB61A9508} = {6DDB50CD-A458-406F-935F-83F4C494D834}
		{3C4BF20D-A6D1-46C8-9A22-42DF03C929BC} = {6DDB50CD-A458-406F-935F-83F4C494D834}
	EndGlobalSection
	GlobalSection(ExtensibilityGlobals) = postSolution
		SolutionGuid = {24C71D7C-83FB-46B6-B9D7-874B24324278}
	EndGlobalSection
EndGlobal
